
Microsoft Visual Studio Solution File, Format Version 12.00
# Visual Studio Version 16
VisualStudioVersion = 16.0.29709.97
MinimumVisualStudioVersion = 10.0.40219.1
Project("{9A19103F-16F7-4668-BE54-9A1E7A4F7556}") = "Oriflame.PolicyBuilder.Example", "src\Oriflame.PolicyBuilder.Example\Oriflame.PolicyBuilder.Example.csproj", "{2DD24719-0DA9-4EA0-AE7C-6EAB3F305E6B}"
EndProject
Project("{2150E333-8FDC-42A3-9474-1A3956D46DE8}") = "src", "src", "{4715FD27-24CD-49EF-BD10-23020C689D7F}"
EndProject
Project("{9A19103F-16F7-4668-BE54-9A1E7A4F7556}") = "Oriflame.PolicyBuilder.Dependencies", "src\Oriflame.PolicyBuilder.Dependencies\Oriflame.PolicyBuilder.Dependencies.csproj", "{88999156-F4CF-4E5F-AB3D-7C5643C37BA3}"
EndProject
Project("{9A19103F-16F7-4668-BE54-9A1E7A4F7556}") = "Oriflame.PolicyBuilder.Policies", "src\Oriflame.PolicyBuilder.Policies\Oriflame.PolicyBuilder.Policies.csproj", "{CFCAC74C-EE73-4A03-A80D-CFF7EABAA13D}"
EndProject
Project("{9A19103F-16F7-4668-BE54-9A1E7A4F7556}") = "Oriflame.PolicyBuilder.Xml", "src\Oriflame.PolicyBuilder.Xml\Oriflame.PolicyBuilder.Xml.csproj", "{597954CF-C46A-4AD9-92C8-FD273C3557C7}"
EndProject
Global
	GlobalSection(SolutionConfigurationPlatforms) = preSolution
		Debug|Any CPU = Debug|Any CPU
		Release|Any CPU = Release|Any CPU
	EndGlobalSection
	GlobalSection(ProjectConfigurationPlatforms) = postSolution
		{2DD24719-0DA9-4EA0-AE7C-6EAB3F305E6B}.Debug|Any CPU.ActiveCfg = Debug|Any CPU
		{2DD24719-0DA9-4EA0-AE7C-6EAB3F305E6B}.Debug|Any CPU.Build.0 = Debug|Any CPU
		{2DD24719-0DA9-4EA0-AE7C-6EAB3F305E6B}.Release|Any CPU.ActiveCfg = Release|Any CPU
		{2DD24719-0DA9-4EA0-AE7C-6EAB3F305E6B}.Release|Any CPU.Build.0 = Release|Any CPU
		{88999156-F4CF-4E5F-AB3D-7C5643C37BA3}.Debug|Any CPU.ActiveCfg = Debug|Any CPU
		{88999156-F4CF-4E5F-AB3D-7C5643C37BA3}.Debug|Any CPU.Build.0 = Debug|Any CPU
		{88999156-F4CF-4E5F-AB3D-7C5643C37BA3}.Release|Any CPU.ActiveCfg = Release|Any CPU
		{88999156-F4CF-4E5F-AB3D-7C5643C37BA3}.Release|Any CPU.Build.0 = Release|Any CPU
		{CFCAC74C-EE73-4A03-A80D-CFF7EABAA13D}.Debug|Any CPU.ActiveCfg = Debug|Any CPU
		{CFCAC74C-EE73-4A03-A80D-CFF7EABAA13D}.Debug|Any CPU.Build.0 = Debug|Any CPU
		{CFCAC74C-EE73-4A03-A80D-CFF7EABAA13D}.Release|Any CPU.ActiveCfg = Release|Any CPU
		{CFCAC74C-EE73-4A03-A80D-CFF7EABAA13D}.Release|Any CPU.Build.0 = Release|Any CPU
		{597954CF-C46A-4AD9-92C8-FD273C3557C7}.Debug|Any CPU.ActiveCfg = Debug|Any CPU
		{597954CF-C46A-4AD9-92C8-FD273C3557C7}.Debug|Any CPU.Build.0 = Debug|Any CPU
		{597954CF-C46A-4AD9-92C8-FD273C3557C7}.Release|Any CPU.ActiveCfg = Release|Any CPU
		{597954CF-C46A-4AD9-92C8-FD273C3557C7}.Release|Any CPU.Build.0 = Release|Any CPU
	EndGlobalSection
	GlobalSection(SolutionProperties) = preSolution
		HideSolutionNode = FALSE
	EndGlobalSection
	GlobalSection(NestedProjects) = preSolution
		{2DD24719-0DA9-4EA0-AE7C-6EAB3F305E6B} = {4715FD27-24CD-49EF-BD10-23020C689D7F}
		{88999156-F4CF-4E5F-AB3D-7C5643C37BA3} = {4715FD27-24CD-49EF-BD10-23020C689D7F}
		{CFCAC74C-EE73-4A03-A80D-CFF7EABAA13D} = {4715FD27-24CD-49EF-BD10-23020C689D7F}
		{597954CF-C46A-4AD9-92C8-FD273C3557C7} = {4715FD27-24CD-49EF-BD10-23020C689D7F}
	EndGlobalSection
	GlobalSection(ExtensibilityGlobals) = postSolution
		SolutionGuid = {BB83448F-C408-4035-B888-ED5C980F2312}
	EndGlobalSection
EndGlobal
